// !$*UTF8*$!
{
	archiveVersion = 1;
	classes = {
	};
	objectVersion = 50;
	objects = {

/* Begin PBXBuildFile section */
		870DF1E82673D447000D57AA /* StudentUEK_SwiftUIApp.swift in Sources */ = {isa = PBXBuildFile; fileRef = 870DF1E72673D447000D57AA /* StudentUEK_SwiftUIApp.swift */; };
		870DF1EA2673D447000D57AA /* ContentView.swift in Sources */ = {isa = PBXBuildFile; fileRef = 870DF1E92673D447000D57AA /* ContentView.swift */; };
		870DF1EC2673D448000D57AA /* Assets.xcassets in Resources */ = {isa = PBXBuildFile; fileRef = 870DF1EB2673D448000D57AA /* Assets.xcassets */; };
		870DF1EF2673D448000D57AA /* Preview Assets.xcassets in Resources */ = {isa = PBXBuildFile; fileRef = 870DF1EE2673D448000D57AA /* Preview Assets.xcassets */; };
		870DF1FA2673D448000D57AA /* StudentUEK_SwiftUITests.swift in Sources */ = {isa = PBXBuildFile; fileRef = 870DF1F92673D448000D57AA /* StudentUEK_SwiftUITests.swift */; };
		870DF2052673D448000D57AA /* StudentUEK_SwiftUIUITests.swift in Sources */ = {isa = PBXBuildFile; fileRef = 870DF2042673D448000D57AA /* StudentUEK_SwiftUIUITests.swift */; };
		870DF2182673D4DB000D57AA /* Subject.swift in Sources */ = {isa = PBXBuildFile; fileRef = 870DF2172673D4DB000D57AA /* Subject.swift */; };
		870DF2222673D533000D57AA /* ScheduleView.swift in Sources */ = {isa = PBXBuildFile; fileRef = 870DF2212673D533000D57AA /* ScheduleView.swift */; };
		870DF22A2673DD51000D57AA /* ScheduleSection.swift in Sources */ = {isa = PBXBuildFile; fileRef = 870DF2292673DD51000D57AA /* ScheduleSection.swift */; };
		870DF22F2673DD79000D57AA /* ScheduleSectionView.swift in Sources */ = {isa = PBXBuildFile; fileRef = 870DF22E2673DD79000D57AA /* ScheduleSectionView.swift */; };
		870DF2342673DDA5000D57AA /* SubjectCell.swift in Sources */ = {isa = PBXBuildFile; fileRef = 870DF2332673DDA5000D57AA /* SubjectCell.swift */; };
		870DF23A2673DDD0000D57AA /* Mocks.swift in Sources */ = {isa = PBXBuildFile; fileRef = 870DF2392673DDD0000D57AA /* Mocks.swift */; };
		870DF2432673DE82000D57AA /* Date+FormatExtensions.swift in Sources */ = {isa = PBXBuildFile; fileRef = 870DF2422673DE82000D57AA /* Date+FormatExtensions.swift */; };
		870DF24C2673DFE8000D57AA /* SearchBar.swift in Sources */ = {isa = PBXBuildFile; fileRef = 870DF24B2673DFE8000D57AA /* SearchBar.swift */; };
		870DF2512673E2D7000D57AA /* ScheduleViewModel.swift in Sources */ = {isa = PBXBuildFile; fileRef = 870DF2502673E2D7000D57AA /* ScheduleViewModel.swift */; };
		870DF2572673E33F000D57AA /* ScheduleLocalStore.swift in Sources */ = {isa = PBXBuildFile; fileRef = 870DF2562673E33F000D57AA /* ScheduleLocalStore.swift */; };
		870DF25C2673E3B2000D57AA /* ScheduleGrouper.swift in Sources */ = {isa = PBXBuildFile; fileRef = 870DF25B2673E3B2000D57AA /* ScheduleGrouper.swift */; };
		87DEF4C8267484C6002CED8F /* BottomTabView.swift in Sources */ = {isa = PBXBuildFile; fileRef = 87DEF4C7267484C6002CED8F /* BottomTabView.swift */; };
		87DEF4D52674ED71002CED8F /* SafeAreaBlurView.swift in Sources */ = {isa = PBXBuildFile; fileRef = 87DEF4D42674ED71002CED8F /* SafeAreaBlurView.swift */; };
		87DEF4E12674F475002CED8F /* FiltersView.swift in Sources */ = {isa = PBXBuildFile; fileRef = 87DEF4E02674F475002CED8F /* FiltersView.swift */; };
		87DEF4E92674FA89002CED8F /* String+Extensions.swift in Sources */ = {isa = PBXBuildFile; fileRef = 87DEF4E82674FA89002CED8F /* String+Extensions.swift */; };
		87DEF4EF267510EF002CED8F /* SubjectDetailsView.swift in Sources */ = {isa = PBXBuildFile; fileRef = 87DEF4EE267510EF002CED8F /* SubjectDetailsView.swift */; };
		87DEF4F826752A70002CED8F /* SettingsView.swift in Sources */ = {isa = PBXBuildFile; fileRef = 87DEF4F726752A70002CED8F /* SettingsView.swift */; };
		87DEF50026752AB2002CED8F /* ActionSheetModel.swift in Sources */ = {isa = PBXBuildFile; fileRef = 87DEF4FF26752AB2002CED8F /* ActionSheetModel.swift */; };
		87DEF50526752AEF002CED8F /* SettingsViewModel.swift in Sources */ = {isa = PBXBuildFile; fileRef = 87DEF50426752AEF002CED8F /* SettingsViewModel.swift */; };
/* End PBXBuildFile section */

/* Begin PBXContainerItemProxy section */
		870DF1F62673D448000D57AA /* PBXContainerItemProxy */ = {
			isa = PBXContainerItemProxy;
			containerPortal = 870DF1DC2673D447000D57AA /* Project object */;
			proxyType = 1;
			remoteGlobalIDString = 870DF1E32673D447000D57AA;
			remoteInfo = "StudentUEK-SwiftUI";
		};
		870DF2012673D448000D57AA /* PBXContainerItemProxy */ = {
			isa = PBXContainerItemProxy;
			containerPortal = 870DF1DC2673D447000D57AA /* Project object */;
			proxyType = 1;
			remoteGlobalIDString = 870DF1E32673D447000D57AA;
			remoteInfo = "StudentUEK-SwiftUI";
		};
/* End PBXContainerItemProxy section */

/* Begin PBXFileReference section */
		870DF1E42673D447000D57AA /* StudentUEK-SwiftUI.app */ = {isa = PBXFileReference; explicitFileType = wrapper.application; includeInIndex = 0; path = "StudentUEK-SwiftUI.app"; sourceTree = BUILT_PRODUCTS_DIR; };
		870DF1E72673D447000D57AA /* StudentUEK_SwiftUIApp.swift */ = {isa = PBXFileReference; lastKnownFileType = sourcecode.swift; path = StudentUEK_SwiftUIApp.swift; sourceTree = "<group>"; };
		870DF1E92673D447000D57AA /* ContentView.swift */ = {isa = PBXFileReference; lastKnownFileType = sourcecode.swift; path = ContentView.swift; sourceTree = "<group>"; };
		870DF1EB2673D448000D57AA /* Assets.xcassets */ = {isa = PBXFileReference; lastKnownFileType = folder.assetcatalog; path = Assets.xcassets; sourceTree = "<group>"; };
		870DF1EE2673D448000D57AA /* Preview Assets.xcassets */ = {isa = PBXFileReference; lastKnownFileType = folder.assetcatalog; path = "Preview Assets.xcassets"; sourceTree = "<group>"; };
		870DF1F02673D448000D57AA /* Info.plist */ = {isa = PBXFileReference; lastKnownFileType = text.plist.xml; path = Info.plist; sourceTree = "<group>"; };
		870DF1F52673D448000D57AA /* StudentUEK-SwiftUITests.xctest */ = {isa = PBXFileReference; explicitFileType = wrapper.cfbundle; includeInIndex = 0; path = "StudentUEK-SwiftUITests.xctest"; sourceTree = BUILT_PRODUCTS_DIR; };
		870DF1F92673D448000D57AA /* StudentUEK_SwiftUITests.swift */ = {isa = PBXFileReference; lastKnownFileType = sourcecode.swift; path = StudentUEK_SwiftUITests.swift; sourceTree = "<group>"; };
		870DF1FB2673D448000D57AA /* Info.plist */ = {isa = PBXFileReference; lastKnownFileType = text.plist.xml; path = Info.plist; sourceTree = "<group>"; };
		870DF2002673D448000D57AA /* StudentUEK-SwiftUIUITests.xctest */ = {isa = PBXFileReference; explicitFileType = wrapper.cfbundle; includeInIndex = 0; path = "StudentUEK-SwiftUIUITests.xctest"; sourceTree = BUILT_PRODUCTS_DIR; };
		870DF2042673D448000D57AA /* StudentUEK_SwiftUIUITests.swift */ = {isa = PBXFileReference; lastKnownFileType = sourcecode.swift; path = StudentUEK_SwiftUIUITests.swift; sourceTree = "<group>"; };
		870DF2062673D448000D57AA /* Info.plist */ = {isa = PBXFileReference; lastKnownFileType = text.plist.xml; path = Info.plist; sourceTree = "<group>"; };
		870DF2172673D4DB000D57AA /* Subject.swift */ = {isa = PBXFileReference; lastKnownFileType = sourcecode.swift; path = Subject.swift; sourceTree = "<group>"; };
		870DF2212673D533000D57AA /* ScheduleView.swift */ = {isa = PBXFileReference; lastKnownFileType = sourcecode.swift; path = ScheduleView.swift; sourceTree = "<group>"; };
		870DF2292673DD51000D57AA /* ScheduleSection.swift */ = {isa = PBXFileReference; lastKnownFileType = sourcecode.swift; path = ScheduleSection.swift; sourceTree = "<group>"; };
		870DF22E2673DD79000D57AA /* ScheduleSectionView.swift */ = {isa = PBXFileReference; lastKnownFileType = sourcecode.swift; path = ScheduleSectionView.swift; sourceTree = "<group>"; };
		870DF2332673DDA5000D57AA /* SubjectCell.swift */ = {isa = PBXFileReference; lastKnownFileType = sourcecode.swift; path = SubjectCell.swift; sourceTree = "<group>"; };
		870DF2392673DDD0000D57AA /* Mocks.swift */ = {isa = PBXFileReference; lastKnownFileType = sourcecode.swift; path = Mocks.swift; sourceTree = "<group>"; };
		870DF2422673DE82000D57AA /* Date+FormatExtensions.swift */ = {isa = PBXFileReference; lastKnownFileType = sourcecode.swift; path = "Date+FormatExtensions.swift"; sourceTree = "<group>"; };
		870DF24B2673DFE8000D57AA /* SearchBar.swift */ = {isa = PBXFileReference; lastKnownFileType = sourcecode.swift; path = SearchBar.swift; sourceTree = "<group>"; };
		870DF2502673E2D7000D57AA /* ScheduleViewModel.swift */ = {isa = PBXFileReference; lastKnownFileType = sourcecode.swift; path = ScheduleViewModel.swift; sourceTree = "<group>"; };
		870DF2562673E33F000D57AA /* ScheduleLocalStore.swift */ = {isa = PBXFileReference; lastKnownFileType = sourcecode.swift; path = ScheduleLocalStore.swift; sourceTree = "<group>"; };
		870DF25B2673E3B2000D57AA /* ScheduleGrouper.swift */ = {isa = PBXFileReference; lastKnownFileType = sourcecode.swift; path = ScheduleGrouper.swift; sourceTree = "<group>"; };
		87DEF4C7267484C6002CED8F /* BottomTabView.swift */ = {isa = PBXFileReference; lastKnownFileType = sourcecode.swift; path = BottomTabView.swift; sourceTree = "<group>"; };
		87DEF4D42674ED71002CED8F /* SafeAreaBlurView.swift */ = {isa = PBXFileReference; lastKnownFileType = sourcecode.swift; path = SafeAreaBlurView.swift; sourceTree = "<group>"; };
		87DEF4E02674F475002CED8F /* FiltersView.swift */ = {isa = PBXFileReference; lastKnownFileType = sourcecode.swift; path = FiltersView.swift; sourceTree = "<group>"; };
		87DEF4E82674FA89002CED8F /* String+Extensions.swift */ = {isa = PBXFileReference; lastKnownFileType = sourcecode.swift; path = "String+Extensions.swift"; sourceTree = "<group>"; };
		87DEF4EE267510EF002CED8F /* SubjectDetailsView.swift */ = {isa = PBXFileReference; lastKnownFileType = sourcecode.swift; path = SubjectDetailsView.swift; sourceTree = "<group>"; };
		87DEF4F726752A70002CED8F /* SettingsView.swift */ = {isa = PBXFileReference; lastKnownFileType = sourcecode.swift; path = SettingsView.swift; sourceTree = "<group>"; };
		87DEF4FF26752AB2002CED8F /* ActionSheetModel.swift */ = {isa = PBXFileReference; lastKnownFileType = sourcecode.swift; path = ActionSheetModel.swift; sourceTree = "<group>"; };
		87DEF50426752AEF002CED8F /* SettingsViewModel.swift */ = {isa = PBXFileReference; lastKnownFileType = sourcecode.swift; path = SettingsViewModel.swift; sourceTree = "<group>"; };
/* End PBXFileReference section */

/* Begin PBXFrameworksBuildPhase section */
		870DF1E12673D447000D57AA /* Frameworks */ = {
			isa = PBXFrameworksBuildPhase;
			buildActionMask = 2147483647;
			files = (
			);
			runOnlyForDeploymentPostprocessing = 0;
		};
		870DF1F22673D448000D57AA /* Frameworks */ = {
			isa = PBXFrameworksBuildPhase;
			buildActionMask = 2147483647;
			files = (
			);
			runOnlyForDeploymentPostprocessing = 0;
		};
		870DF1FD2673D448000D57AA /* Frameworks */ = {
			isa = PBXFrameworksBuildPhase;
			buildActionMask = 2147483647;
			files = (
			);
			runOnlyForDeploymentPostprocessing = 0;
		};
/* End PBXFrameworksBuildPhase section */

/* Begin PBXGroup section */
		870DF1DB2673D447000D57AA = {
			isa = PBXGroup;
			children = (
				870DF1E62673D447000D57AA /* StudentUEK-SwiftUI */,
				870DF1F82673D448000D57AA /* StudentUEK-SwiftUITests */,
				870DF2032673D448000D57AA /* StudentUEK-SwiftUIUITests */,
				870DF1E52673D447000D57AA /* Products */,
			);
			sourceTree = "<group>";
		};
		870DF1E52673D447000D57AA /* Products */ = {
			isa = PBXGroup;
			children = (
				870DF1E42673D447000D57AA /* StudentUEK-SwiftUI.app */,
				870DF1F52673D448000D57AA /* StudentUEK-SwiftUITests.xctest */,
				870DF2002673D448000D57AA /* StudentUEK-SwiftUIUITests.xctest */,
			);
			name = Products;
			sourceTree = "<group>";
		};
		870DF1E62673D447000D57AA /* StudentUEK-SwiftUI */ = {
			isa = PBXGroup;
			children = (
				870DF21F2673D51F000D57AA /* Scenes */,
				870DF2152673D4C7000D57AA /* Common */,
				870DF1E72673D447000D57AA /* StudentUEK_SwiftUIApp.swift */,
				870DF1E92673D447000D57AA /* ContentView.swift */,
				870DF1EB2673D448000D57AA /* Assets.xcassets */,
				870DF1F02673D448000D57AA /* Info.plist */,
				870DF1ED2673D448000D57AA /* Preview Content */,
			);
			path = "StudentUEK-SwiftUI";
			sourceTree = "<group>";
		};
		870DF1ED2673D448000D57AA /* Preview Content */ = {
			isa = PBXGroup;
			children = (
				870DF1EE2673D448000D57AA /* Preview Assets.xcassets */,
			);
			path = "Preview Content";
			sourceTree = "<group>";
		};
		870DF1F82673D448000D57AA /* StudentUEK-SwiftUITests */ = {
			isa = PBXGroup;
			children = (
				870DF1F92673D448000D57AA /* StudentUEK_SwiftUITests.swift */,
				870DF1FB2673D448000D57AA /* Info.plist */,
			);
			path = "StudentUEK-SwiftUITests";
			sourceTree = "<group>";
		};
		870DF2032673D448000D57AA /* StudentUEK-SwiftUIUITests */ = {
			isa = PBXGroup;
			children = (
				870DF2042673D448000D57AA /* StudentUEK_SwiftUIUITests.swift */,
				870DF2062673D448000D57AA /* Info.plist */,
			);
			path = "StudentUEK-SwiftUIUITests";
			sourceTree = "<group>";
		};
		870DF2152673D4C7000D57AA /* Common */ = {
			isa = PBXGroup;
			children = (
				870DF2552673E314000D57AA /* Services */,
				870DF24A2673DFD9000D57AA /* Views */,
				870DF2412673DE6E000D57AA /* Extension */,
				870DF2162673D4CD000D57AA /* Models */,
				870DF2392673DDD0000D57AA /* Mocks.swift */,
			);
			path = Common;
			sourceTree = "<group>";
		};
		870DF2162673D4CD000D57AA /* Models */ = {
			isa = PBXGroup;
			children = (
				870DF2292673DD51000D57AA /* ScheduleSection.swift */,
				870DF2172673D4DB000D57AA /* Subject.swift */,
				87DEF4FF26752AB2002CED8F /* ActionSheetModel.swift */,
			);
			path = Models;
			sourceTree = "<group>";
		};
		870DF21F2673D51F000D57AA /* Scenes */ = {
			isa = PBXGroup;
			children = (
				87DEF4F626752A49002CED8F /* Settings */,
				87DEF4ED267510DB002CED8F /* SubjectDetails */,
				87DEF4DF2674F468002CED8F /* Filters */,
				87DEF4C626748498002CED8F /* BottomTab */,
				870DF2202673D524000D57AA /* Schedule */,
			);
			path = Scenes;
			sourceTree = "<group>";
		};
		870DF2202673D524000D57AA /* Schedule */ = {
			isa = PBXGroup;
			children = (
				870DF2212673D533000D57AA /* ScheduleView.swift */,
				870DF22E2673DD79000D57AA /* ScheduleSectionView.swift */,
				870DF2332673DDA5000D57AA /* SubjectCell.swift */,
				870DF2502673E2D7000D57AA /* ScheduleViewModel.swift */,
			);
			path = Schedule;
			sourceTree = "<group>";
		};
		870DF2412673DE6E000D57AA /* Extension */ = {
			isa = PBXGroup;
			children = (
				870DF2422673DE82000D57AA /* Date+FormatExtensions.swift */,
				87DEF4E82674FA89002CED8F /* String+Extensions.swift */,
			);
			path = Extension;
			sourceTree = "<group>";
		};
		870DF24A2673DFD9000D57AA /* Views */ = {
			isa = PBXGroup;
			children = (
				870DF24B2673DFE8000D57AA /* SearchBar.swift */,
				87DEF4D42674ED71002CED8F /* SafeAreaBlurView.swift */,
			);
			path = Views;
			sourceTree = "<group>";
		};
		870DF2552673E314000D57AA /* Services */ = {
			isa = PBXGroup;
			children = (
				870DF2562673E33F000D57AA /* ScheduleLocalStore.swift */,
				870DF25B2673E3B2000D57AA /* ScheduleGrouper.swift */,
			);
			path = Services;
			sourceTree = "<group>";
		};
		87DEF4C626748498002CED8F /* BottomTab */ = {
			isa = PBXGroup;
			children = (
				87DEF4C7267484C6002CED8F /* BottomTabView.swift */,
			);
			path = BottomTab;
			sourceTree = "<group>";
		};
		87DEF4DF2674F468002CED8F /* Filters */ = {
			isa = PBXGroup;
			children = (
				87DEF4E02674F475002CED8F /* FiltersView.swift */,
			);
			path = Filters;
			sourceTree = "<group>";
		};
		87DEF4ED267510DB002CED8F /* SubjectDetails */ = {
			isa = PBXGroup;
			children = (
				87DEF4EE267510EF002CED8F /* SubjectDetailsView.swift */,
			);
			path = SubjectDetails;
			sourceTree = "<group>";
		};
		87DEF4F626752A49002CED8F /* Settings */ = {
			isa = PBXGroup;
			children = (
				87DEF4F726752A70002CED8F /* SettingsView.swift */,
				87DEF50426752AEF002CED8F /* SettingsViewModel.swift */,
			);
			path = Settings;
			sourceTree = "<group>";
		};
/* End PBXGroup section */

/* Begin PBXNativeTarget section */
		870DF1E32673D447000D57AA /* StudentUEK-SwiftUI */ = {
			isa = PBXNativeTarget;
			buildConfigurationList = 870DF2092673D448000D57AA /* Build configuration list for PBXNativeTarget "StudentUEK-SwiftUI" */;
			buildPhases = (
				870DF1E02673D447000D57AA /* Sources */,
				870DF1E12673D447000D57AA /* Frameworks */,
				870DF1E22673D447000D57AA /* Resources */,
			);
			buildRules = (
			);
			dependencies = (
			);
			name = "StudentUEK-SwiftUI";
			productName = "StudentUEK-SwiftUI";
			productReference = 870DF1E42673D447000D57AA /* StudentUEK-SwiftUI.app */;
			productType = "com.apple.product-type.application";
		};
		870DF1F42673D448000D57AA /* StudentUEK-SwiftUITests */ = {
			isa = PBXNativeTarget;
			buildConfigurationList = 870DF20C2673D448000D57AA /* Build configuration list for PBXNativeTarget "StudentUEK-SwiftUITests" */;
			buildPhases = (
				870DF1F12673D448000D57AA /* Sources */,
				870DF1F22673D448000D57AA /* Frameworks */,
				870DF1F32673D448000D57AA /* Resources */,
			);
			buildRules = (
			);
			dependencies = (
				870DF1F72673D448000D57AA /* PBXTargetDependency */,
			);
			name = "StudentUEK-SwiftUITests";
			productName = "StudentUEK-SwiftUITests";
			productReference = 870DF1F52673D448000D57AA /* StudentUEK-SwiftUITests.xctest */;
			productType = "com.apple.product-type.bundle.unit-test";
		};
		870DF1FF2673D448000D57AA /* StudentUEK-SwiftUIUITests */ = {
			isa = PBXNativeTarget;
			buildConfigurationList = 870DF20F2673D448000D57AA /* Build configuration list for PBXNativeTarget "StudentUEK-SwiftUIUITests" */;
			buildPhases = (
				870DF1FC2673D448000D57AA /* Sources */,
				870DF1FD2673D448000D57AA /* Frameworks */,
				870DF1FE2673D448000D57AA /* Resources */,
			);
			buildRules = (
			);
			dependencies = (
				870DF2022673D448000D57AA /* PBXTargetDependency */,
			);
			name = "StudentUEK-SwiftUIUITests";
			productName = "StudentUEK-SwiftUIUITests";
			productReference = 870DF2002673D448000D57AA /* StudentUEK-SwiftUIUITests.xctest */;
			productType = "com.apple.product-type.bundle.ui-testing";
		};
/* End PBXNativeTarget section */

/* Begin PBXProject section */
		870DF1DC2673D447000D57AA /* Project object */ = {
			isa = PBXProject;
			attributes = {
				LastSwiftUpdateCheck = 1230;
				LastUpgradeCheck = 1230;
				TargetAttributes = {
					870DF1E32673D447000D57AA = {
						CreatedOnToolsVersion = 12.3;
					};
					870DF1F42673D448000D57AA = {
						CreatedOnToolsVersion = 12.3;
						TestTargetID = 870DF1E32673D447000D57AA;
					};
					870DF1FF2673D448000D57AA = {
						CreatedOnToolsVersion = 12.3;
						TestTargetID = 870DF1E32673D447000D57AA;
					};
				};
			};
			buildConfigurationList = 870DF1DF2673D447000D57AA /* Build configuration list for PBXProject "StudentUEK-SwiftUI" */;
			compatibilityVersion = "Xcode 9.3";
			developmentRegion = en;
			hasScannedForEncodings = 0;
			knownRegions = (
				en,
				Base,
			);
			mainGroup = 870DF1DB2673D447000D57AA;
			productRefGroup = 870DF1E52673D447000D57AA /* Products */;
			projectDirPath = "";
			projectRoot = "";
			targets = (
				870DF1E32673D447000D57AA /* StudentUEK-SwiftUI */,
				870DF1F42673D448000D57AA /* StudentUEK-SwiftUITests */,
				870DF1FF2673D448000D57AA /* StudentUEK-SwiftUIUITests */,
			);
		};
/* End PBXProject section */

/* Begin PBXResourcesBuildPhase section */
		870DF1E22673D447000D57AA /* Resources */ = {
			isa = PBXResourcesBuildPhase;
			buildActionMask = 2147483647;
			files = (
				870DF1EF2673D448000D57AA /* Preview Assets.xcassets in Resources */,
				870DF1EC2673D448000D57AA /* Assets.xcassets in Resources */,
			);
			runOnlyForDeploymentPostprocessing = 0;
		};
		870DF1F32673D448000D57AA /* Resources */ = {
			isa = PBXResourcesBuildPhase;
			buildActionMask = 2147483647;
			files = (
			);
			runOnlyForDeploymentPostprocessing = 0;
		};
		870DF1FE2673D448000D57AA /* Resources */ = {
			isa = PBXResourcesBuildPhase;
			buildActionMask = 2147483647;
			files = (
			);
			runOnlyForDeploymentPostprocessing = 0;
		};
/* End PBXResourcesBuildPhase section */

/* Begin PBXSourcesBuildPhase section */
		870DF1E02673D447000D57AA /* Sources */ = {
			isa = PBXSourcesBuildPhase;
			buildActionMask = 2147483647;
			files = (
				87DEF4E12674F475002CED8F /* FiltersView.swift in Sources */,
				870DF2572673E33F000D57AA /* ScheduleLocalStore.swift in Sources */,
				870DF1EA2673D447000D57AA /* ContentView.swift in Sources */,
				870DF22F2673DD79000D57AA /* ScheduleSectionView.swift in Sources */,
				87DEF4C8267484C6002CED8F /* BottomTabView.swift in Sources */,
				870DF2432673DE82000D57AA /* Date+FormatExtensions.swift in Sources */,
				870DF2222673D533000D57AA /* ScheduleView.swift in Sources */,
				870DF25C2673E3B2000D57AA /* ScheduleGrouper.swift in Sources */,
				870DF23A2673DDD0000D57AA /* Mocks.swift in Sources */,
				87DEF4D52674ED71002CED8F /* SafeAreaBlurView.swift in Sources */,
				870DF2342673DDA5000D57AA /* SubjectCell.swift in Sources */,
				870DF2512673E2D7000D57AA /* ScheduleViewModel.swift in Sources */,
				87DEF4E92674FA89002CED8F /* String+Extensions.swift in Sources */,
				87DEF50026752AB2002CED8F /* ActionSheetModel.swift in Sources */,
				870DF2182673D4DB000D57AA /* Subject.swift in Sources */,
				87DEF4EF267510EF002CED8F /* SubjectDetailsView.swift in Sources */,
				870DF24C2673DFE8000D57AA /* SearchBar.swift in Sources */,
				870DF1E82673D447000D57AA /* StudentUEK_SwiftUIApp.swift in Sources */,
				870DF22A2673DD51000D57AA /* ScheduleSection.swift in Sources */,
				87DEF4F826752A70002CED8F /* SettingsView.swift in Sources */,
				87DEF50526752AEF002CED8F /* SettingsViewModel.swift in Sources */,
			);
			runOnlyForDeploymentPostprocessing = 0;
		};
		870DF1F12673D448000D57AA /* Sources */ = {
			isa = PBXSourcesBuildPhase;
			buildActionMask = 2147483647;
			files = (
				870DF1FA2673D448000D57AA /* StudentUEK_SwiftUITests.swift in Sources */,
			);
			runOnlyForDeploymentPostprocessing = 0;
		};
		870DF1FC2673D448000D57AA /* Sources */ = {
			isa = PBXSourcesBuildPhase;
			buildActionMask = 2147483647;
			files = (
				870DF2052673D448000D57AA /* StudentUEK_SwiftUIUITests.swift in Sources */,
			);
			runOnlyForDeploymentPostprocessing = 0;
		};
/* End PBXSourcesBuildPhase section */

/* Begin PBXTargetDependency section */
		870DF1F72673D448000D57AA /* PBXTargetDependency */ = {
			isa = PBXTargetDependency;
			target = 870DF1E32673D447000D57AA /* StudentUEK-SwiftUI */;
			targetProxy = 870DF1F62673D448000D57AA /* PBXContainerItemProxy */;
		};
		870DF2022673D448000D57AA /* PBXTargetDependency */ = {
			isa = PBXTargetDependency;
			target = 870DF1E32673D447000D57AA /* StudentUEK-SwiftUI */;
			targetProxy = 870DF2012673D448000D57AA /* PBXContainerItemProxy */;
		};
/* End PBXTargetDependency section */

/* Begin XCBuildConfiguration section */
		870DF2072673D448000D57AA /* Debug */ = {
			isa = XCBuildConfiguration;
			buildSettings = {
				ALWAYS_SEARCH_USER_PATHS = NO;
				CLANG_ANALYZER_NONNULL = YES;
				CLANG_ANALYZER_NUMBER_OBJECT_CONVERSION = YES_AGGRESSIVE;
				CLANG_CXX_LANGUAGE_STANDARD = "gnu++14";
				CLANG_CXX_LIBRARY = "libc++";
				CLANG_ENABLE_MODULES = YES;
				CLANG_ENABLE_OBJC_ARC = YES;
				CLANG_ENABLE_OBJC_WEAK = YES;
				CLANG_WARN_BLOCK_CAPTURE_AUTORELEASING = YES;
				CLANG_WARN_BOOL_CONVERSION = YES;
				CLANG_WARN_COMMA = YES;
				CLANG_WARN_CONSTANT_CONVERSION = YES;
				CLANG_WARN_DEPRECATED_OBJC_IMPLEMENTATIONS = YES;
				CLANG_WARN_DIRECT_OBJC_ISA_USAGE = YES_ERROR;
				CLANG_WARN_DOCUMENTATION_COMMENTS = YES;
				CLANG_WARN_EMPTY_BODY = YES;
				CLANG_WARN_ENUM_CONVERSION = YES;
				CLANG_WARN_INFINITE_RECURSION = YES;
				CLANG_WARN_INT_CONVERSION = YES;
				CLANG_WARN_NON_LITERAL_NULL_CONVERSION = YES;
				CLANG_WARN_OBJC_IMPLICIT_RETAIN_SELF = YES;
				CLANG_WARN_OBJC_LITERAL_CONVERSION = YES;
				CLANG_WARN_OBJC_ROOT_CLASS = YES_ERROR;
				CLANG_WARN_QUOTED_INCLUDE_IN_FRAMEWORK_HEADER = YES;
				CLANG_WARN_RANGE_LOOP_ANALYSIS = YES;
				CLANG_WARN_STRICT_PROTOTYPES = YES;
				CLANG_WARN_SUSPICIOUS_MOVE = YES;
				CLANG_WARN_UNGUARDED_AVAILABILITY = YES_AGGRESSIVE;
				CLANG_WARN_UNREACHABLE_CODE = YES;
				CLANG_WARN__DUPLICATE_METHOD_MATCH = YES;
				COPY_PHASE_STRIP = NO;
				DEBUG_INFORMATION_FORMAT = dwarf;
				ENABLE_STRICT_OBJC_MSGSEND = YES;
				ENABLE_TESTABILITY = YES;
				GCC_C_LANGUAGE_STANDARD = gnu11;
				GCC_DYNAMIC_NO_PIC = NO;
				GCC_NO_COMMON_BLOCKS = YES;
				GCC_OPTIMIZATION_LEVEL = 0;
				GCC_PREPROCESSOR_DEFINITIONS = (
					"DEBUG=1",
					"$(inherited)",
				);
				GCC_WARN_64_TO_32_BIT_CONVERSION = YES;
				GCC_WARN_ABOUT_RETURN_TYPE = YES_ERROR;
				GCC_WARN_UNDECLARED_SELECTOR = YES;
				GCC_WARN_UNINITIALIZED_AUTOS = YES_AGGRESSIVE;
				GCC_WARN_UNUSED_FUNCTION = YES;
				GCC_WARN_UNUSED_VARIABLE = YES;
				IPHONEOS_DEPLOYMENT_TARGET = 14.3;
				MTL_ENABLE_DEBUG_INFO = INCLUDE_SOURCE;
				MTL_FAST_MATH = YES;
				ONLY_ACTIVE_ARCH = YES;
				SDKROOT = iphoneos;
				SWIFT_ACTIVE_COMPILATION_CONDITIONS = DEBUG;
				SWIFT_OPTIMIZATION_LEVEL = "-Onone";
			};
			name = Debug;
		};
		870DF2082673D448000D57AA /* Release */ = {
			isa = XCBuildConfiguration;
			buildSettings = {
				ALWAYS_SEARCH_USER_PATHS = NO;
				CLANG_ANALYZER_NONNULL = YES;
				CLANG_ANALYZER_NUMBER_OBJECT_CONVERSION = YES_AGGRESSIVE;
				CLANG_CXX_LANGUAGE_STANDARD = "gnu++14";
				CLANG_CXX_LIBRARY = "libc++";
				CLANG_ENABLE_MODULES = YES;
				CLANG_ENABLE_OBJC_ARC = YES;
				CLANG_ENABLE_OBJC_WEAK = YES;
				CLANG_WARN_BLOCK_CAPTURE_AUTORELEASING = YES;
				CLANG_WARN_BOOL_CONVERSION = YES;
				CLANG_WARN_COMMA = YES;
				CLANG_WARN_CONSTANT_CONVERSION = YES;
				CLANG_WARN_DEPRECATED_OBJC_IMPLEMENTATIONS = YES;
				CLANG_WARN_DIRECT_OBJC_ISA_USAGE = YES_ERROR;
				CLANG_WARN_DOCUMENTATION_COMMENTS = YES;
				CLANG_WARN_EMPTY_BODY = YES;
				CLANG_WARN_ENUM_CONVERSION = YES;
				CLANG_WARN_INFINITE_RECURSION = YES;
				CLANG_WARN_INT_CONVERSION = YES;
				CLANG_WARN_NON_LITERAL_NULL_CONVERSION = YES;
				CLANG_WARN_OBJC_IMPLICIT_RETAIN_SELF = YES;
				CLANG_WARN_OBJC_LITERAL_CONVERSION = YES;
				CLANG_WARN_OBJC_ROOT_CLASS = YES_ERROR;
				CLANG_WARN_QUOTED_INCLUDE_IN_FRAMEWORK_HEADER = YES;
				CLANG_WARN_RANGE_LOOP_ANALYSIS = YES;
				CLANG_WARN_STRICT_PROTOTYPES = YES;
				CLANG_WARN_SUSPICIOUS_MOVE = YES;
				CLANG_WARN_UNGUARDED_AVAILABILITY = YES_AGGRESSIVE;
				CLANG_WARN_UNREACHABLE_CODE = YES;
				CLANG_WARN__DUPLICATE_METHOD_MATCH = YES;
				COPY_PHASE_STRIP = NO;
				DEBUG_INFORMATION_FORMAT = "dwarf-with-dsym";
				ENABLE_NS_ASSERTIONS = NO;
				ENABLE_STRICT_OBJC_MSGSEND = YES;
				GCC_C_LANGUAGE_STANDARD = gnu11;
				GCC_NO_COMMON_BLOCKS = YES;
				GCC_WARN_64_TO_32_BIT_CONVERSION = YES;
				GCC_WARN_ABOUT_RETURN_TYPE = YES_ERROR;
				GCC_WARN_UNDECLARED_SELECTOR = YES;
				GCC_WARN_UNINITIALIZED_AUTOS = YES_AGGRESSIVE;
				GCC_WARN_UNUSED_FUNCTION = YES;
				GCC_WARN_UNUSED_VARIABLE = YES;
				IPHONEOS_DEPLOYMENT_TARGET = 14.3;
				MTL_ENABLE_DEBUG_INFO = NO;
				MTL_FAST_MATH = YES;
				SDKROOT = iphoneos;
				SWIFT_COMPILATION_MODE = wholemodule;
				SWIFT_OPTIMIZATION_LEVEL = "-O";
				VALIDATE_PRODUCT = YES;
			};
			name = Release;
		};
		870DF20A2673D448000D57AA /* Debug */ = {
			isa = XCBuildConfiguration;
			buildSettings = {
				ASSETCATALOG_COMPILER_APPICON_NAME = AppIcon;
				ASSETCATALOG_COMPILER_GLOBAL_ACCENT_COLOR_NAME = AccentColor;
				CODE_SIGN_STYLE = Automatic;
				DEVELOPMENT_ASSET_PATHS = "\"StudentUEK-SwiftUI/Preview Content\"";
				DEVELOPMENT_TEAM = XNR2HTH9R9;
				ENABLE_PREVIEWS = YES;
				INFOPLIST_FILE = "StudentUEK-SwiftUI/Info.plist";
				IPHONEOS_DEPLOYMENT_TARGET = 14.0;
				LD_RUNPATH_SEARCH_PATHS = (
					"$(inherited)",
					"@executable_path/Frameworks",
				);
				PRODUCT_BUNDLE_IDENTIFIER = "michalwojtowicz.StudentUEK-SwiftUI";
				PRODUCT_NAME = "$(TARGET_NAME)";
				SWIFT_VERSION = 5.0;
				TARGETED_DEVICE_FAMILY = "1,2";
			};
			name = Debug;
		};
		870DF20B2673D448000D57AA /* Release */ = {
			isa = XCBuildConfiguration;
			buildSettings = {
				ASSETCATALOG_COMPILER_APPICON_NAME = AppIcon;
				ASSETCATALOG_COMPILER_GLOBAL_ACCENT_COLOR_NAME = AccentColor;
				CODE_SIGN_STYLE = Automatic;
				DEVELOPMENT_ASSET_PATHS = "\"StudentUEK-SwiftUI/Preview Content\"";
				DEVELOPMENT_TEAM = XNR2HTH9R9;
				ENABLE_PREVIEWS = YES;
				INFOPLIST_FILE = "StudentUEK-SwiftUI/Info.plist";
				IPHONEOS_DEPLOYMENT_TARGET = 14.0;
				LD_RUNPATH_SEARCH_PATHS = (
					"$(inherited)",
					"@executable_path/Frameworks",
				);
				PRODUCT_BUNDLE_IDENTIFIER = "michalwojtowicz.StudentUEK-SwiftUI";
				PRODUCT_NAME = "$(TARGET_NAME)";
				SWIFT_VERSION = 5.0;
				TARGETED_DEVICE_FAMILY = "1,2";
			};
			name = Release;
		};
		870DF20D2673D448000D57AA /* Debug */ = {
			isa = XCBuildConfiguration;
			buildSettings = {
				ALWAYS_EMBED_SWIFT_STANDARD_LIBRARIES = YES;
				BUNDLE_LOADER = "$(TEST_HOST)";
				CODE_SIGN_STYLE = Automatic;
				DEVELOPMENT_TEAM = XNR2HTH9R9;
				INFOPLIST_FILE = "StudentUEK-SwiftUITests/Info.plist";
				IPHONEOS_DEPLOYMENT_TARGET = 14.0;
				LD_RUNPATH_SEARCH_PATHS = (
					"$(inherited)",
					"@executable_path/Frameworks",
					"@loader_path/Frameworks",
				);
				PRODUCT_BUNDLE_IDENTIFIER = "michalwojtowicz.StudentUEK-SwiftUITests";
				PRODUCT_NAME = "$(TARGET_NAME)";
				SWIFT_VERSION = 5.0;
				TARGETED_DEVICE_FAMILY = "1,2";
				TEST_HOST = "$(BUILT_PRODUCTS_DIR)/StudentUEK-SwiftUI.app/StudentUEK-SwiftUI";
			};
			name = Debug;
		};
		870DF20E2673D448000D57AA /* Release */ = {
			isa = XCBuildConfiguration;
			buildSettings = {
				ALWAYS_EMBED_SWIFT_STANDARD_LIBRARIES = YES;
				BUNDLE_LOADER = "$(TEST_HOST)";
				CODE_SIGN_STYLE = Automatic;
				DEVELOPMENT_TEAM = XNR2HTH9R9;
				INFOPLIST_FILE = "StudentUEK-SwiftUITests/Info.plist";
				IPHONEOS_DEPLOYMENT_TARGET = 14.0;
				LD_RUNPATH_SEARCH_PATHS = (
					"$(inherited)",
					"@executable_path/Frameworks",
					"@loader_path/Frameworks",
				);
				PRODUCT_BUNDLE_IDENTIFIER = "michalwojtowicz.StudentUEK-SwiftUITests";
				PRODUCT_NAME = "$(TARGET_NAME)";
				SWIFT_VERSION = 5.0;
				TARGETED_DEVICE_FAMILY = "1,2";
				TEST_HOST = "$(BUILT_PRODUCTS_DIR)/StudentUEK-SwiftUI.app/StudentUEK-SwiftUI";
			};
			name = Release;
		};
		870DF2102673D448000D57AA /* Debug */ = {
			isa = XCBuildConfiguration;
			buildSettings = {
				ALWAYS_EMBED_SWIFT_STANDARD_LIBRARIES = YES;
				CODE_SIGN_STYLE = Automatic;
				DEVELOPMENT_TEAM = XNR2HTH9R9;
				INFOPLIST_FILE = "StudentUEK-SwiftUIUITests/Info.plist";
				LD_RUNPATH_SEARCH_PATHS = (
					"$(inherited)",
					"@executable_path/Frameworks",
					"@loader_path/Frameworks",
				);
				PRODUCT_BUNDLE_IDENTIFIER = "michalwojtowicz.StudentUEK-SwiftUIUITests";
				PRODUCT_NAME = "$(TARGET_NAME)";
				SWIFT_VERSION = 5.0;
				TARGETED_DEVICE_FAMILY = "1,2";
				TEST_TARGET_NAME = "StudentUEK-SwiftUI";
			};
			name = Debug;
		};
		870DF2112673D448000D57AA /* Release */ = {
			isa = XCBuildConfiguration;
			buildSettings = {
				ALWAYS_EMBED_SWIFT_STANDARD_LIBRARIES = YES;
				CODE_SIGN_STYLE = Automatic;
				DEVELOPMENT_TEAM = XNR2HTH9R9;
				INFOPLIST_FILE = "StudentUEK-SwiftUIUITests/Info.plist";
				LD_RUNPATH_SEARCH_PATHS = (
					"$(inherited)",
					"@executable_path/Frameworks",
					"@loader_path/Frameworks",
				);
				PRODUCT_BUNDLE_IDENTIFIER = "michalwojtowicz.StudentUEK-SwiftUIUITests";
				PRODUCT_NAME = "$(TARGET_NAME)";
				SWIFT_VERSION = 5.0;
				TARGETED_DEVICE_FAMILY = "1,2";
				TEST_TARGET_NAME = "StudentUEK-SwiftUI";
			};
			name = Release;
		};
/* End XCBuildConfiguration section */

/* Begin XCConfigurationList section */
		870DF1DF2673D447000D57AA /* Build configuration list for PBXProject "StudentUEK-SwiftUI" */ = {
			isa = XCConfigurationList;
			buildConfigurations = (
				870DF2072673D448000D57AA /* Debug */,
				870DF2082673D448000D57AA /* Release */,
			);
			defaultConfigurationIsVisible = 0;
			defaultConfigurationName = Release;
		};
		870DF2092673D448000D57AA /* Build configuration list for PBXNativeTarget "StudentUEK-SwiftUI" */ = {
			isa = XCConfigurationList;
			buildConfigurations = (
				870DF20A2673D448000D57AA /* Debug */,
				870DF20B2673D448000D57AA /* Release */,
			);
			defaultConfigurationIsVisible = 0;
			defaultConfigurationName = Release;
		};
		870DF20C2673D448000D57AA /* Build configuration list for PBXNativeTarget "StudentUEK-SwiftUITests" */ = {
			isa = XCConfigurationList;
			buildConfigurations = (
				870DF20D2673D448000D57AA /* Debug */,
				870DF20E2673D448000D57AA /* Release */,
			);
			defaultConfigurationIsVisible = 0;
			defaultConfigurationName = Release;
		};
		870DF20F2673D448000D57AA /* Build configuration list for PBXNativeTarget "StudentUEK-SwiftUIUITests" */ = {
			isa = XCConfigurationList;
			buildConfigurations = (
				870DF2102673D448000D57AA /* Debug */,
				870DF2112673D448000D57AA /* Release */,
			);
			defaultConfigurationIsVisible = 0;
			defaultConfigurationName = Release;
		};
/* End XCConfigurationList section */
	};
	rootObject = 870DF1DC2673D447000D57AA /* Project object */;
}
